
Microsoft Visual Studio Solution File, Format Version 12.00
# Visual Studio Version 16
VisualStudioVersion = 16.0.30523.141
MinimumVisualStudioVersion = 10.0.40219.1
Project("{FAE04EC0-301F-11D3-BF4B-00C04F79EFBC}") = "Valheim_QoL", "Valheim_QoL\Valheim_QoL.csproj", "{512E025E-FC65-4558-A13F-DB8483E5189B}"
EndProject
Global
	GlobalSection(SolutionConfigurationPlatforms) = preSolution
		Debug|Any CPU = Debug|Any CPU
		Release|Any CPU = Release|Any CPU
	EndGlobalSection
	GlobalSection(ProjectConfigurationPlatforms) = postSolution
		{512E025E-FC65-4558-A13F-DB8483E5189B}.Debug|Any CPU.ActiveCfg = Debug|Any CPU
		{512E025E-FC65-4558-A13F-DB8483E5189B}.Debug|Any CPU.Build.0 = Debug|Any CPU
		{512E025E-FC65-4558-A13F-DB8483E5189B}.Release|Any CPU.ActiveCfg = Release|Any CPU
		{512E025E-FC65-4558-A13F-DB8483E5189B}.Release|Any CPU.Build.0 = Release|Any CPU
	EndGlobalSection
	GlobalSection(SolutionProperties) = preSolution
		HideSolutionNode = FALSE
	EndGlobalSection
	GlobalSection(ExtensibilityGlobals) = postSolution
		SolutionGuid = {CA143109-75F9-4083-B247-9885F5B2458D}
	EndGlobalSection
EndGlobal
